// !$*UTF8*$!
{
	archiveVersion = 1;
	classes = {
	};
	objectVersion = 55;
	objects = {

/* Begin PBXBuildFile section */
		D37E25802947E01C0090A8D6 /* AppDelegate.swift in Sources */ = {isa = PBXBuildFile; fileRef = D37E257F2947E01C0090A8D6 /* AppDelegate.swift */; };
		D37E25822947E01F0090A8D6 /* Assets.xcassets in Resources */ = {isa = PBXBuildFile; fileRef = D37E25812947E01F0090A8D6 /* Assets.xcassets */; };
		D37E25852947E01F0090A8D6 /* MainMenu.xib in Resources */ = {isa = PBXBuildFile; fileRef = D37E25832947E01F0090A8D6 /* MainMenu.xib */; };
		D37E258D2947E1BA0090A8D6 /* AppController.swift in Sources */ = {isa = PBXBuildFile; fileRef = D37E258C2947E1BA0090A8D6 /* AppController.swift */; };
		D37E25912947E2F40090A8D6 /* C57_91_Functions.c in Sources */ = {isa = PBXBuildFile; fileRef = D37E25902947E2F40090A8D6 /* C57_91_Functions.c */; };
		D3C8F61A2953AC4D008328DF /* GlobalDefs.swift in Sources */ = {isa = PBXBuildFile; fileRef = D3C8F6192953AC4D008328DF /* GlobalDefs.swift */; };
		D3C8F61C2953AC74008328DF /* PCH_Defs.swift in Sources */ = {isa = PBXBuildFile; fileRef = D3C8F61B2953AC74008328DF /* PCH_Defs.swift */; };
		F5079C1D294CCAAF003B38A8 /* OverloadModel.swift in Sources */ = {isa = PBXBuildFile; fileRef = F5079C1C294CCAAF003B38A8 /* OverloadModel.swift */; };
		F5079C1F294CCAF3003B38A8 /* Temperatures.swift in Sources */ = {isa = PBXBuildFile; fileRef = F5079C1E294CCAF3003B38A8 /* Temperatures.swift */; };
		F5079C21294CD073003B38A8 /* Losses.swift in Sources */ = {isa = PBXBuildFile; fileRef = F5079C20294CD073003B38A8 /* Losses.swift */; };
		F5079C23294CEF86003B38A8 /* LoadCycle.swift in Sources */ = {isa = PBXBuildFile; fileRef = F5079C22294CEF86003B38A8 /* LoadCycle.swift */; };
/* End PBXBuildFile section */

/* Begin PBXFileReference section */
		D37E257C2947E01C0090A8D6 /* OverloadTemperatures.app */ = {isa = PBXFileReference; explicitFileType = wrapper.application; includeInIndex = 0; path = OverloadTemperatures.app; sourceTree = BUILT_PRODUCTS_DIR; };
		D37E257F2947E01C0090A8D6 /* AppDelegate.swift */ = {isa = PBXFileReference; lastKnownFileType = sourcecode.swift; path = AppDelegate.swift; sourceTree = "<group>"; };
		D37E25812947E01F0090A8D6 /* Assets.xcassets */ = {isa = PBXFileReference; lastKnownFileType = folder.assetcatalog; path = Assets.xcassets; sourceTree = "<group>"; };
		D37E25842947E01F0090A8D6 /* Base */ = {isa = PBXFileReference; lastKnownFileType = file.xib; name = Base; path = Base.lproj/MainMenu.xib; sourceTree = "<group>"; };
		D37E25862947E01F0090A8D6 /* OverloadTemperatures.entitlements */ = {isa = PBXFileReference; lastKnownFileType = text.plist.entitlements; path = OverloadTemperatures.entitlements; sourceTree = "<group>"; };
		D37E258C2947E1BA0090A8D6 /* AppController.swift */ = {isa = PBXFileReference; lastKnownFileType = sourcecode.swift; path = AppController.swift; sourceTree = "<group>"; };
		D37E258E2947E2F40090A8D6 /* OverloadTemperatures-Bridging-Header.h */ = {isa = PBXFileReference; lastKnownFileType = sourcecode.c.h; path = "OverloadTemperatures-Bridging-Header.h"; sourceTree = "<group>"; };
		D37E258F2947E2F40090A8D6 /* C57_91_Functions.h */ = {isa = PBXFileReference; lastKnownFileType = sourcecode.c.h; path = C57_91_Functions.h; sourceTree = "<group>"; };
		D37E25902947E2F40090A8D6 /* C57_91_Functions.c */ = {isa = PBXFileReference; lastKnownFileType = sourcecode.c.c; path = C57_91_Functions.c; sourceTree = "<group>"; };
		D3C8F6192953AC4D008328DF /* GlobalDefs.swift */ = {isa = PBXFileReference; fileEncoding = 4; lastKnownFileType = sourcecode.swift; name = GlobalDefs.swift; path = ../../../../Dropbox/MyProjects/GlobalDefs.swift; sourceTree = "<group>"; };
		D3C8F61B2953AC74008328DF /* PCH_Defs.swift */ = {isa = PBXFileReference; fileEncoding = 4; lastKnownFileType = sourcecode.swift; name = PCH_Defs.swift; path = ../../../../Dropbox/MyProjects/PCH_Defs.swift; sourceTree = "<group>"; };
		F5079C1C294CCAAF003B38A8 /* OverloadModel.swift */ = {isa = PBXFileReference; lastKnownFileType = sourcecode.swift; path = OverloadModel.swift; sourceTree = "<group>"; };
		F5079C1E294CCAF3003B38A8 /* Temperatures.swift */ = {isa = PBXFileReference; lastKnownFileType = sourcecode.swift; path = Temperatures.swift; sourceTree = "<group>"; };
		F5079C20294CD073003B38A8 /* Losses.swift */ = {isa = PBXFileReference; lastKnownFileType = sourcecode.swift; path = Losses.swift; sourceTree = "<group>"; };
		F5079C22294CEF86003B38A8 /* LoadCycle.swift */ = {isa = PBXFileReference; lastKnownFileType = sourcecode.swift; path = LoadCycle.swift; sourceTree = "<group>"; };
/* End PBXFileReference section */

/* Begin PBXFrameworksBuildPhase section */
		D37E25792947E01C0090A8D6 /* Frameworks */ = {
			isa = PBXFrameworksBuildPhase;
			buildActionMask = 2147483647;
			files = (
			);
			runOnlyForDeploymentPostprocessing = 0;
		};
/* End PBXFrameworksBuildPhase section */

/* Begin PBXGroup section */
		D37E25732947E01C0090A8D6 = {
			isa = PBXGroup;
			children = (
				D37E257E2947E01C0090A8D6 /* OverloadTemperatures */,
				D37E257D2947E01C0090A8D6 /* Products */,
			);
			sourceTree = "<group>";
		};
		D37E257D2947E01C0090A8D6 /* Products */ = {
			isa = PBXGroup;
			children = (
				D37E257C2947E01C0090A8D6 /* OverloadTemperatures.app */,
			);
			name = Products;
			sourceTree = "<group>";
		};
		D37E257E2947E01C0090A8D6 /* OverloadTemperatures */ = {
			isa = PBXGroup;
			children = (
				D37E257F2947E01C0090A8D6 /* AppDelegate.swift */,
				D3C8F6192953AC4D008328DF /* GlobalDefs.swift */,
				D3C8F61B2953AC74008328DF /* PCH_Defs.swift */,
				D37E258C2947E1BA0090A8D6 /* AppController.swift */,
				F5079C1C294CCAAF003B38A8 /* OverloadModel.swift */,
				F5079C1E294CCAF3003B38A8 /* Temperatures.swift */,
				F5079C20294CD073003B38A8 /* Losses.swift */,
				F5079C22294CEF86003B38A8 /* LoadCycle.swift */,
				D37E258F2947E2F40090A8D6 /* C57_91_Functions.h */,
				D37E25902947E2F40090A8D6 /* C57_91_Functions.c */,
				D37E25812947E01F0090A8D6 /* Assets.xcassets */,
				D37E25832947E01F0090A8D6 /* MainMenu.xib */,
				D37E25862947E01F0090A8D6 /* OverloadTemperatures.entitlements */,
				D37E258E2947E2F40090A8D6 /* OverloadTemperatures-Bridging-Header.h */,
			);
			path = OverloadTemperatures;
			sourceTree = "<group>";
		};
/* End PBXGroup section */

/* Begin PBXNativeTarget section */
		D37E257B2947E01C0090A8D6 /* OverloadTemperatures */ = {
			isa = PBXNativeTarget;
			buildConfigurationList = D37E25892947E01F0090A8D6 /* Build configuration list for PBXNativeTarget "OverloadTemperatures" */;
			buildPhases = (
				D37E25782947E01C0090A8D6 /* Sources */,
				D37E25792947E01C0090A8D6 /* Frameworks */,
				D37E257A2947E01C0090A8D6 /* Resources */,
			);
			buildRules = (
			);
			dependencies = (
			);
			name = OverloadTemperatures;
			productName = OverloadTemperatures;
			productReference = D37E257C2947E01C0090A8D6 /* OverloadTemperatures.app */;
			productType = "com.apple.product-type.application";
		};
/* End PBXNativeTarget section */

/* Begin PBXProject section */
		D37E25742947E01C0090A8D6 /* Project object */ = {
			isa = PBXProject;
			attributes = {
				BuildIndependentTargetsInParallel = 1;
				LastSwiftUpdateCheck = 1340;
				LastUpgradeCheck = 1410;
				TargetAttributes = {
					D37E257B2947E01C0090A8D6 = {
						CreatedOnToolsVersion = 13.4.1;
						LastSwiftMigration = 1340;
					};
				};
			};
			buildConfigurationList = D37E25772947E01C0090A8D6 /* Build configuration list for PBXProject "OverloadTemperatures" */;
			compatibilityVersion = "Xcode 13.0";
			developmentRegion = en;
			hasScannedForEncodings = 0;
			knownRegions = (
				en,
				Base,
			);
			mainGroup = D37E25732947E01C0090A8D6;
			productRefGroup = D37E257D2947E01C0090A8D6 /* Products */;
			projectDirPath = "";
			projectRoot = "";
			targets = (
				D37E257B2947E01C0090A8D6 /* OverloadTemperatures */,
			);
		};
/* End PBXProject section */

/* Begin PBXResourcesBuildPhase section */
		D37E257A2947E01C0090A8D6 /* Resources */ = {
			isa = PBXResourcesBuildPhase;
			buildActionMask = 2147483647;
			files = (
				D37E25822947E01F0090A8D6 /* Assets.xcassets in Resources */,
				D37E25852947E01F0090A8D6 /* MainMenu.xib in Resources */,
			);
			runOnlyForDeploymentPostprocessing = 0;
		};
/* End PBXResourcesBuildPhase section */

/* Begin PBXSourcesBuildPhase section */
		D37E25782947E01C0090A8D6 /* Sources */ = {
			isa = PBXSourcesBuildPhase;
			buildActionMask = 2147483647;
			files = (
				F5079C21294CD073003B38A8 /* Losses.swift in Sources */,
				F5079C23294CEF86003B38A8 /* LoadCycle.swift in Sources */,
				F5079C1F294CCAF3003B38A8 /* Temperatures.swift in Sources */,
				D37E25912947E2F40090A8D6 /* C57_91_Functions.c in Sources */,
				D3C8F61A2953AC4D008328DF /* GlobalDefs.swift in Sources */,
				D37E25802947E01C0090A8D6 /* AppDelegate.swift in Sources */,
				D3C8F61C2953AC74008328DF /* PCH_Defs.swift in Sources */,
				D37E258D2947E1BA0090A8D6 /* AppController.swift in Sources */,
				F5079C1D294CCAAF003B38A8 /* OverloadModel.swift in Sources */,
			);
			runOnlyForDeploymentPostprocessing = 0;
		};
/* End PBXSourcesBuildPhase section */

/* Begin PBXVariantGroup section */
		D37E25832947E01F0090A8D6 /* MainMenu.xib */ = {
			isa = PBXVariantGroup;
			children = (
				D37E25842947E01F0090A8D6 /* Base */,
			);
			name = MainMenu.xib;
			sourceTree = "<group>";
		};
/* End PBXVariantGroup section */

/* Begin XCBuildConfiguration section */
		D37E25872947E01F0090A8D6 /* Debug */ = {
			isa = XCBuildConfiguration;
			buildSettings = {
				ALWAYS_SEARCH_USER_PATHS = NO;
				CLANG_ANALYZER_NONNULL = YES;
				CLANG_ANALYZER_NUMBER_OBJECT_CONVERSION = YES_AGGRESSIVE;
				CLANG_CXX_LANGUAGE_STANDARD = "gnu++17";
				CLANG_ENABLE_MODULES = YES;
				CLANG_ENABLE_OBJC_ARC = YES;
				CLANG_ENABLE_OBJC_WEAK = YES;
				CLANG_WARN_BLOCK_CAPTURE_AUTORELEASING = YES;
				CLANG_WARN_BOOL_CONVERSION = YES;
				CLANG_WARN_COMMA = YES;
				CLANG_WARN_CONSTANT_CONVERSION = YES;
				CLANG_WARN_DEPRECATED_OBJC_IMPLEMENTATIONS = YES;
				CLANG_WARN_DIRECT_OBJC_ISA_USAGE = YES_ERROR;
				CLANG_WARN_DOCUMENTATION_COMMENTS = YES;
				CLANG_WARN_EMPTY_BODY = YES;
				CLANG_WARN_ENUM_CONVERSION = YES;
				CLANG_WARN_INFINITE_RECURSION = YES;
				CLANG_WARN_INT_CONVERSION = YES;
				CLANG_WARN_NON_LITERAL_NULL_CONVERSION = YES;
				CLANG_WARN_OBJC_IMPLICIT_RETAIN_SELF = YES;
				CLANG_WARN_OBJC_LITERAL_CONVERSION = YES;
				CLANG_WARN_OBJC_ROOT_CLASS = YES_ERROR;
				CLANG_WARN_QUOTED_INCLUDE_IN_FRAMEWORK_HEADER = YES;
				CLANG_WARN_RANGE_LOOP_ANALYSIS = YES;
				CLANG_WARN_STRICT_PROTOTYPES = YES;
				CLANG_WARN_SUSPICIOUS_MOVE = YES;
				CLANG_WARN_UNGUARDED_AVAILABILITY = YES_AGGRESSIVE;
				CLANG_WARN_UNREACHABLE_CODE = YES;
				CLANG_WARN__DUPLICATE_METHOD_MATCH = YES;
				COPY_PHASE_STRIP = NO;
				DEAD_CODE_STRIPPING = YES;
				DEBUG_INFORMATION_FORMAT = dwarf;
				ENABLE_STRICT_OBJC_MSGSEND = YES;
				ENABLE_TESTABILITY = YES;
				GCC_C_LANGUAGE_STANDARD = gnu11;
				GCC_DYNAMIC_NO_PIC = NO;
				GCC_NO_COMMON_BLOCKS = YES;
				GCC_OPTIMIZATION_LEVEL = 0;
				GCC_PREPROCESSOR_DEFINITIONS = (
					"DEBUG=1",
					"$(inherited)",
				);
				GCC_WARN_64_TO_32_BIT_CONVERSION = YES;
				GCC_WARN_ABOUT_RETURN_TYPE = YES_ERROR;
				GCC_WARN_UNDECLARED_SELECTOR = YES;
				GCC_WARN_UNINITIALIZED_AUTOS = YES_AGGRESSIVE;
				GCC_WARN_UNUSED_FUNCTION = YES;
				GCC_WARN_UNUSED_VARIABLE = YES;
				MACOSX_DEPLOYMENT_TARGET = 12.3;
				MTL_ENABLE_DEBUG_INFO = INCLUDE_SOURCE;
				MTL_FAST_MATH = YES;
				ONLY_ACTIVE_ARCH = YES;
				SDKROOT = macosx;
				SWIFT_ACTIVE_COMPILATION_CONDITIONS = DEBUG;
				SWIFT_OPTIMIZATION_LEVEL = "-Onone";
			};
			name = Debug;
		};
		D37E25882947E01F0090A8D6 /* Release */ = {
			isa = XCBuildConfiguration;
			buildSettings = {
				ALWAYS_SEARCH_USER_PATHS = NO;
				CLANG_ANALYZER_NONNULL = YES;
				CLANG_ANALYZER_NUMBER_OBJECT_CONVERSION = YES_AGGRESSIVE;
				CLANG_CXX_LANGUAGE_STANDARD = "gnu++17";
				CLANG_ENABLE_MODULES = YES;
				CLANG_ENABLE_OBJC_ARC = YES;
				CLANG_ENABLE_OBJC_WEAK = YES;
				CLANG_WARN_BLOCK_CAPTURE_AUTORELEASING = YES;
				CLANG_WARN_BOOL_CONVERSION = YES;
				CLANG_WARN_COMMA = YES;
				CLANG_WARN_CONSTANT_CONVERSION = YES;
				CLANG_WARN_DEPRECATED_OBJC_IMPLEMENTATIONS = YES;
				CLANG_WARN_DIRECT_OBJC_ISA_USAGE = YES_ERROR;
				CLANG_WARN_DOCUMENTATION_COMMENTS = YES;
				CLANG_WARN_EMPTY_BODY = YES;
				CLANG_WARN_ENUM_CONVERSION = YES;
				CLANG_WARN_INFINITE_RECURSION = YES;
				CLANG_WARN_INT_CONVERSION = YES;
				CLANG_WARN_NON_LITERAL_NULL_CONVERSION = YES;
				CLANG_WARN_OBJC_IMPLICIT_RETAIN_SELF = YES;
				CLANG_WARN_OBJC_LITERAL_CONVERSION = YES;
				CLANG_WARN_OBJC_ROOT_CLASS = YES_ERROR;
				CLANG_WARN_QUOTED_INCLUDE_IN_FRAMEWORK_HEADER = YES;
				CLANG_WARN_RANGE_LOOP_ANALYSIS = YES;
				CLANG_WARN_STRICT_PROTOTYPES = YES;
				CLANG_WARN_SUSPICIOUS_MOVE = YES;
				CLANG_WARN_UNGUARDED_AVAILABILITY = YES_AGGRESSIVE;
				CLANG_WARN_UNREACHABLE_CODE = YES;
				CLANG_WARN__DUPLICATE_METHOD_MATCH = YES;
				COPY_PHASE_STRIP = NO;
				DEAD_CODE_STRIPPING = YES;
				DEBUG_INFORMATION_FORMAT = "dwarf-with-dsym";
				ENABLE_NS_ASSERTIONS = NO;
				ENABLE_STRICT_OBJC_MSGSEND = YES;
				GCC_C_LANGUAGE_STANDARD = gnu11;
				GCC_NO_COMMON_BLOCKS = YES;
				GCC_WARN_64_TO_32_BIT_CONVERSION = YES;
				GCC_WARN_ABOUT_RETURN_TYPE = YES_ERROR;
				GCC_WARN_UNDECLARED_SELECTOR = YES;
				GCC_WARN_UNINITIALIZED_AUTOS = YES_AGGRESSIVE;
				GCC_WARN_UNUSED_FUNCTION = YES;
				GCC_WARN_UNUSED_VARIABLE = YES;
				MACOSX_DEPLOYMENT_TARGET = 12.3;
				MTL_ENABLE_DEBUG_INFO = NO;
				MTL_FAST_MATH = YES;
				SDKROOT = macosx;
				SWIFT_COMPILATION_MODE = wholemodule;
				SWIFT_OPTIMIZATION_LEVEL = "-O";
			};
			name = Release;
		};
		D37E258A2947E01F0090A8D6 /* Debug */ = {
			isa = XCBuildConfiguration;
			buildSettings = {
				ASSETCATALOG_COMPILER_APPICON_NAME = AppIcon;
				ASSETCATALOG_COMPILER_GLOBAL_ACCENT_COLOR_NAME = AccentColor;
				CLANG_ENABLE_MODULES = YES;
				CODE_SIGN_ENTITLEMENTS = OverloadTemperatures/OverloadTemperatures.entitlements;
				CODE_SIGN_IDENTITY = "-";
				CODE_SIGN_STYLE = Automatic;
				COMBINE_HIDPI_IMAGES = YES;
				CURRENT_PROJECT_VERSION = 1;
				DEAD_CODE_STRIPPING = YES;
				DEVELOPMENT_TEAM = 3R3HXUUS44;
				ENABLE_HARDENED_RUNTIME = YES;
				GENERATE_INFOPLIST_FILE = YES;
				HEADER_SEARCH_PATHS = "";
				INFOPLIST_KEY_NSHumanReadableCopyright = "";
				INFOPLIST_KEY_NSMainNibFile = MainMenu;
				INFOPLIST_KEY_NSPrincipalClass = NSApplication;
				LD_RUNPATH_SEARCH_PATHS = (
					"$(inherited)",
					"@executable_path/../Frameworks",
				);
				MARKETING_VERSION = 1.0;
				PRODUCT_BUNDLE_IDENTIFIER = com.huberistech.OverloadTemperatures;
				PRODUCT_NAME = "$(TARGET_NAME)";
				SWIFT_EMIT_LOC_STRINGS = YES;
				SWIFT_OBJC_BRIDGING_HEADER = "OverloadTemperatures/OverloadTemperatures-Bridging-Header.h";
				SWIFT_OPTIMIZATION_LEVEL = "-Onone";
				SWIFT_VERSION = 5.0;
			};
			name = Debug;
		};
		D37E258B2947E01F0090A8D6 /* Release */ = {
			isa = XCBuildConfiguration;
			buildSettings = {
				ASSETCATALOG_COMPILER_APPICON_NAME = AppIcon;
				ASSETCATALOG_COMPILER_GLOBAL_ACCENT_COLOR_NAME = AccentColor;
				CLANG_ENABLE_MODULES = YES;
				CODE_SIGN_ENTITLEMENTS = OverloadTemperatures/OverloadTemperatures.entitlements;
				CODE_SIGN_IDENTITY = "-";
				CODE_SIGN_STYLE = Automatic;
				COMBINE_HIDPI_IMAGES = YES;
				CURRENT_PROJECT_VERSION = 1;
				DEAD_CODE_STRIPPING = YES;
				DEVELOPMENT_TEAM = 3R3HXUUS44;
				ENABLE_HARDENED_RUNTIME = YES;
				GENERATE_INFOPLIST_FILE = YES;
				HEADER_SEARCH_PATHS = "";
				INFOPLIST_KEY_NSHumanReadableCopyright = "";
				INFOPLIST_KEY_NSMainNibFile = MainMenu;
				INFOPLIST_KEY_NSPrincipalClass = NSApplication;
				LD_RUNPATH_SEARCH_PATHS = (
					"$(inherited)",
					"@executable_path/../Frameworks",
				);
				MARKETING_VERSION = 1.0;
				PRODUCT_BUNDLE_IDENTIFIER = com.huberistech.OverloadTemperatures;
				PRODUCT_NAME = "$(TARGET_NAME)";
				SWIFT_EMIT_LOC_STRINGS = YES;
				SWIFT_OBJC_BRIDGING_HEADER = "OverloadTemperatures/OverloadTemperatures-Bridging-Header.h";
				SWIFT_VERSION = 5.0;
			};
			name = Release;
		};
/* End XCBuildConfiguration section */

/* Begin XCConfigurationList section */
		D37E25772947E01C0090A8D6 /* Build configuration list for PBXProject "OverloadTemperatures" */ = {
			isa = XCConfigurationList;
			buildConfigurations = (
				D37E25872947E01F0090A8D6 /* Debug */,
				D37E25882947E01F0090A8D6 /* Release */,
			);
			defaultConfigurationIsVisible = 0;
			defaultConfigurationName = Release;
		};
		D37E25892947E01F0090A8D6 /* Build configuration list for PBXNativeTarget "OverloadTemperatures" */ = {
			isa = XCConfigurationList;
			buildConfigurations = (
				D37E258A2947E01F0090A8D6 /* Debug */,
				D37E258B2947E01F0090A8D6 /* Release */,
			);
			defaultConfigurationIsVisible = 0;
			defaultConfigurationName = Release;
		};
/* End XCConfigurationList section */
	};
	rootObject = D37E25742947E01C0090A8D6 /* Project object */;
}
